# This file is automatically @generated by Cargo.
# It is not intended for manual editing.
version = 3

[[package]]
name = "htmlescape"
version = "0.3.1"
source = "registry+https://github.com/rust-lang/crates.io-index"
checksum = "e9025058dae765dee5070ec375f591e2ba14638c63feff74f13805a72e523163"

[[package]]
name = "railroad"
version = "0.1.1"
source = "registry+https://github.com/rust-lang/crates.io-index"
checksum = "59c47c4d3be383b581ee4f7e7b1858c1ea6d717736780257052fa601de3047a9"
dependencies = [
 "htmlescape",
 "unicode-width",
]

[[package]]
name = "typestate-railroad"
version = "0.1.0"
dependencies = [
 "railroad",
]

[[package]]
name = "unicode-width"
version = "0.1.9"
source = "registry+https://github.com/rust-lang/crates.io-index"
checksum = "3ed742d4ea2bd1176e236172c8429aaf54486e7ac098db29ffe6529e0ce50973"
